
Microsoft Visual Studio Solution File, Format Version 12.00
# Visual Studio Version 16
VisualStudioVersion = 16.0.31515.178
MinimumVisualStudioVersion = 10.0.40219.1
Project("{FAE04EC0-301F-11D3-BF4B-00C04F79EFBC}") = "WarnSystem", "WarnSystem\WarnSystem.csproj", "{4EACF067-A0D7-4659-8711-EE07F1AAE914}"
EndProject
Global
	GlobalSection(SolutionConfigurationPlatforms) = preSolution
		Debug|Any CPU = Debug|Any CPU
		Release|Any CPU = Release|Any CPU
	EndGlobalSection
	GlobalSection(ProjectConfigurationPlatforms) = postSolution
		{4EACF067-A0D7-4659-8711-EE07F1AAE914}.Debug|Any CPU.ActiveCfg = Debug|Any CPU
		{4EACF067-A0D7-4659-8711-EE07F1AAE914}.Debug|Any CPU.Build.0 = Debug|Any CPU
		{4EACF067-A0D7-4659-8711-EE07F1AAE914}.Release|Any CPU.ActiveCfg = Release|Any CPU
		{4EACF067-A0D7-4659-8711-EE07F1AAE914}.Release|Any CPU.Build.0 = Release|Any CPU
	EndGlobalSection
	GlobalSection(SolutionProperties) = preSolution
		HideSolutionNode = FALSE
	EndGlobalSection
	GlobalSection(ExtensibilityGlobals) = postSolution
		SolutionGuid = {69804508-8205-47E3-A0A8-7C68FDF561BF}
	EndGlobalSection
EndGlobal
